{
    "_meta": {
        "hash": {
            "sha256": "5c473921d9f04ddc0f838bc425a8d60d6fb53d109aee37d059853f1dfe869c54"
        },
        "pipfile-spec": 6,
        "requires": {
            "python_version": "3.10"
        },
        "sources": [
            {
                "name": "pypi",
                "url": "https://pypi.org/simple",
                "verify_ssl": true
            }
        ]
    },
    "default": {
        "asgiref": {
            "hashes": [
                "sha256:71e68008da809b957b7ee4b43dbccff33d1b23519fb8344e33f049897077afac",
                "sha256:9567dfe7bd8d3c8c892227827c41cce860b368104c3431da67a0c5a65a949506"
            ],
            "markers": "python_version >= '3.7'",
            "version": "==3.6.0"
        },
        "django": {
            "hashes": [
                "sha256:6ddab9f9ac9211e2dc544819b87343b49c53f99d882e68727b38fd44204f752e",
                "sha256:7cc034a72f99536c5feb39d1575f2952b86ffa409f109efeb2c8b398985f78a7"
            ],
            "index": "pypi",
            "version": "==4.0.9"
        },
        "django-debug-toolbar": {
            "hashes": [
                "sha256:644bbd5c428d3283aa9115722471769cac1bec189edf3a0c855fd8ff870375a9",
                "sha256:6b633b6cfee24f232d73569870f19aa86c819d750e7f3e833f2344a9eb4b4409"
            ],
            "index": "pypi",
            "version": "==3.2.4"
        },
        "django-environ": {
            "hashes": [
                "sha256:42593bee519a527602a467c7b682aee1a051c2597f98c45f4f4f44169ecdb6e5",
                "sha256:6f0bc902b43891656b20486938cba0861dc62892784a44919170719572a534cb"
            ],
            "index": "pypi",
            "version": "==0.8.1"
        },
        "django-extensions": {
            "hashes": [
                "sha256:28e1e1bf49f0e00307ba574d645b0af3564c981a6dfc87209d48cb98f77d0b1a",
                "sha256:9238b9e016bb0009d621e05cf56ea8ce5cce9b32e91ad2026996a7377ca28069"
            ],
            "index": "pypi",
            "version": "==3.1.5"
        },
        "django-localflavor": {
            "hashes": [
                "sha256:6593865dc671333b3edc88e729e6d384d00b6db7891ef5d3a65db831a40050d2",
                "sha256:ac2fa377bbcba4cae95e97077d9e77c7f22b3d93e4845e2e133ba7e664043a44"
            ],
            "index": "pypi",
            "version": "==3.1"
        },
        "python-stdnum": {
            "hashes": [
                "sha256:bcc763d9c49ae23da5d2b7a686d5fd1deec9d9051341160a10d1ac723a26bec0",
                "sha256:d7f2a3c7ef4635c957b9cbdd9b1993d1f6ee3a2959f03e172c45440d99f296eb"
            ],
            "version": "==1.18"
        },
        "sqlparse": {
            "hashes": [
                "sha256:0323c0ec29cd52bceabc1b4d9d579e311f3e4961b98d174201d5622a23b85e34",
                "sha256:69ca804846bb114d2ec380e4360a8a340db83f0ccf3afceeb1404df028f57268"
            ],
            "markers": "python_version >= '3.5'",
            "version": "==0.4.3"
        },
        "werkzeug": {
            "hashes": [
                "sha256:1421ebfc7648a39a5c58c601b154165d05cf47a3cd0ccb70857cbdacf6c8f2b8",
                "sha256:b863f8ff057c522164b6067c9e28b041161b4be5ba4d0daceeaa50a163822d3c"
            ],
            "index": "pypi",
            "version": "==2.0.3"
        }
    },
    "develop": {}
}
